{
  "version": 4,
  "terraform_version": "1.5.7",
  "serial": 9,
  "lineage": "2a360ac4-4d8a-233a-162d-45209cd2a135",
  "outputs": {},
  "resources": [
    {
      "module": "module.vnet",
      "mode": "managed",
      "type": "azurerm_resource_group",
      "name": "rg",
      "provider": "module.vnet.provider[\"registry.terraform.io/hashicorp/azurerm\"]",
      "instances": [
        {
          "schema_version": 0,
          "attributes": {
            "id": "/subscriptions/a2d83027-e216-42fb-adab-6868a86f2d8e/resourceGroups/rg-lseg-assignment",
            "location": "eastus",
            "managed_by": "",
            "name": "rg-lseg-assignment",
            "tags": null,
            "timeouts": null
          },
          "sensitive_attributes": [],
          "private": "eyJlMmJmYjczMC1lY2FhLTExZTYtOGY4OC0zNDM2M2JjN2M0YzAiOnsiY3JlYXRlIjo1NDAwMDAwMDAwMDAwLCJkZWxldGUiOjU0MDAwMDAwMDAwMDAsInJlYWQiOjMwMDAwMDAwMDAwMCwidXBkYXRlIjo1NDAwMDAwMDAwMDAwfX0="
        }
      ]
    }
  ],
  "check_results": null
}
