{
  "version": 4,
  "terraform_version": "1.5.7",
  "serial": 4,
  "lineage": "e076a270-f63c-da07-836a-9da22be19b7f",
  "outputs": {
    "subnet_ids": {
      "value": [
        "/subscriptions/a2d83027-e216-42fb-adab-6868a86f2d8e/resourceGroups/rg-lseg-assignment-testing/providers/Microsoft.Network/virtualNetworks/lseg-assignment-testing-vnet/subnets/subnet1"
      ],
      "type": [
        "list",
        "string"
      ]
    }
  },
  "resources": [
    {
      "module": "module.vnet",
      "mode": "managed",
      "type": "azurerm_resource_group",
      "name": "rg",
      "provider": "module.vnet.provider[\"registry.terraform.io/hashicorp/azurerm\"]",
      "instances": [
        {
          "schema_version": 0,
          "attributes": {
            "id": "/subscriptions/a2d83027-e216-42fb-adab-6868a86f2d8e/resourceGroups/rg-lseg-assignment-testing",
            "location": "eastus",
            "managed_by": "",
            "name": "rg-lseg-assignment-testing",
            "tags": null,
            "timeouts": null
          },
          "sensitive_attributes": [],
          "private": "eyJlMmJmYjczMC1lY2FhLTExZTYtOGY4OC0zNDM2M2JjN2M0YzAiOnsiY3JlYXRlIjo1NDAwMDAwMDAwMDAwLCJkZWxldGUiOjU0MDAwMDAwMDAwMDAsInJlYWQiOjMwMDAwMDAwMDAwMCwidXBkYXRlIjo1NDAwMDAwMDAwMDAwfX0="
        }
      ]
    },
    {
      "module": "module.vnet",
      "mode": "managed",
      "type": "azurerm_virtual_network",
      "name": "vnet",
      "provider": "module.vnet.provider[\"registry.terraform.io/hashicorp/azurerm\"]",
      "instances": [
        {
          "schema_version": 0,
          "attributes": {
            "address_space": [
              "10.13.0.0/16"
            ],
            "bgp_community": "",
            "ddos_protection_plan": [],
            "dns_servers": [],
            "edge_zone": "",
            "encryption": [],
            "flow_timeout_in_minutes": 0,
            "guid": "1296b3f0-1f34-4aa6-a868-ee44ef0b67b1",
            "id": "/subscriptions/a2d83027-e216-42fb-adab-6868a86f2d8e/resourceGroups/rg-lseg-assignment-testing/providers/Microsoft.Network/virtualNetworks/lseg-assignment-testing-vnet",
            "location": "eastus",
            "name": "lseg-assignment-testing-vnet",
            "resource_group_name": "rg-lseg-assignment-testing",
            "subnet": [
              {
                "address_prefix": "10.13.1.0/24",
                "id": "/subscriptions/a2d83027-e216-42fb-adab-6868a86f2d8e/resourceGroups/rg-lseg-assignment-testing/providers/Microsoft.Network/virtualNetworks/lseg-assignment-testing-vnet/subnets/subnet1",
                "name": "subnet1",
                "security_group": ""
              }
            ],
            "tags": null,
            "timeouts": null
          },
          "sensitive_attributes": [],
          "private": "eyJlMmJmYjczMC1lY2FhLTExZTYtOGY4OC0zNDM2M2JjN2M0YzAiOnsiY3JlYXRlIjoxODAwMDAwMDAwMDAwLCJkZWxldGUiOjE4MDAwMDAwMDAwMDAsInJlYWQiOjMwMDAwMDAwMDAwMCwidXBkYXRlIjoxODAwMDAwMDAwMDAwfX0=",
          "dependencies": [
            "module.vnet.azurerm_resource_group.rg"
          ]
        }
      ]
    }
  ],
  "check_results": null
}
